{
  "nodes": {
    "nixpkgs": {
      "locked": {
        "lastModified": 1731979256,
        "narHash": "sha256-FNb8q3AnKbHNX+/Ftbnf3GIyADtIJs72gvYeX8CEHPU=",
        "owner": "NixOS",
        "repo": "nixpkgs",
        "rev": "80426b216e1285cfdacc85d83533e42c3a831040",
        "type": "github"
      },
      "original": {
        "owner": "NixOS",
        "repo": "nixpkgs",
        "type": "github"
      }
    },
    "root": {
      "inputs": {
        "nixpkgs": "nixpkgs"
      }
    }
  },
  "root": "root",
  "version": 7
}
