{
  "nodes": {
    "nixpkgs": {
      "locked": {
        "lastModified": 1728928243,
        "narHash": "sha256-x73dctopottEVL3XAbkMioOCFiG8K/ZKA14qeNJVfvI=",
        "owner": "NixOS",
        "repo": "nixpkgs",
        "rev": "9cc103ef59199821daec845006af83b105ce9c37",
        "type": "github"
      },
      "original": {
        "owner": "NixOS",
        "repo": "nixpkgs",
        "type": "github"
      }
    },
    "root": {
      "inputs": {
        "nixpkgs": "nixpkgs"
      }
    }
  },
  "root": "root",
  "version": 7
}
