{
  "nodes": {
    "nixpkgs": {
      "locked": {
        "lastModified": 1710212191,
        "narHash": "sha256-BdbUk/deC+q/L3k+z6E5ssYyqMfc0U576ZwoNXk/H64=",
        "owner": "NixOS",
        "repo": "nixpkgs",
        "rev": "336a77a9e2c9423adc95096cba80c0e7b1a323d2",
        "type": "github"
      },
      "original": {
        "owner": "NixOS",
        "repo": "nixpkgs",
        "type": "github"
      }
    },
    "root": {
      "inputs": {
        "nixpkgs": "nixpkgs"
      }
    }
  },
  "root": "root",
  "version": 7
}
